
Microsoft Visual Studio Solution File, Format Version 12.00
# Visual Studio Version 17
VisualStudioVersion = 17.14.36301.6 d17.14
MinimumVisualStudioVersion = 10.0.40219.1
Project("{FAE04EC0-301F-11D3-BF4B-00C04F79EFBC}") = "DeepSigma.Charting", "DeepSigma.Charting.csproj", "{050287AF-D9B9-4D01-A57F-36E3C29182F1}"
EndProject
Global
	GlobalSection(SolutionConfigurationPlatforms) = preSolution
		Debug|Any CPU = Debug|Any CPU
		Release|Any CPU = Release|Any CPU
	EndGlobalSection
	GlobalSection(ProjectConfigurationPlatforms) = postSolution
		{050287AF-D9B9-4D01-A57F-36E3C29182F1}.Debug|Any CPU.ActiveCfg = Debug|Any CPU
		{050287AF-D9B9-4D01-A57F-36E3C29182F1}.Debug|Any CPU.Build.0 = Debug|Any CPU
		{050287AF-D9B9-4D01-A57F-36E3C29182F1}.Release|Any CPU.ActiveCfg = Release|Any CPU
		{050287AF-D9B9-4D01-A57F-36E3C29182F1}.Release|Any CPU.Build.0 = Release|Any CPU
	EndGlobalSection
	GlobalSection(SolutionProperties) = preSolution
		HideSolutionNode = FALSE
	EndGlobalSection
	GlobalSection(ExtensibilityGlobals) = postSolution
		SolutionGuid = {3F4D6EE4-4E4E-476B-9497-B4E3FE4B918C}
	EndGlobalSection
EndGlobal
